// !$*UTF8*$!
{
	archiveVersion = 1;
	classes = {
	};
	objectVersion = 46;
	objects = {

/* Begin PBXBuildFile section */
		71691958F8CDD4D4A8F9E61E /* Pods_LJNetwork.framework in Frameworks */ = {isa = PBXBuildFile; fileRef = 0E68C61AA3344ABBC324BBFA /* Pods_LJNetwork.framework */; };
		AE25EE691E09594400FEEC32 /* AppDelegate.swift in Sources */ = {isa = PBXBuildFile; fileRef = AE25EE681E09594400FEEC32 /* AppDelegate.swift */; };
		AE25EE6B1E09594400FEEC32 /* ViewController.swift in Sources */ = {isa = PBXBuildFile; fileRef = AE25EE6A1E09594400FEEC32 /* ViewController.swift */; };
		AE25EE6E1E09594400FEEC32 /* Main.storyboard in Resources */ = {isa = PBXBuildFile; fileRef = AE25EE6C1E09594400FEEC32 /* Main.storyboard */; };
		AE25EE701E09594400FEEC32 /* Assets.xcassets in Resources */ = {isa = PBXBuildFile; fileRef = AE25EE6F1E09594400FEEC32 /* Assets.xcassets */; };
		AE25EE731E09594400FEEC32 /* LaunchScreen.storyboard in Resources */ = {isa = PBXBuildFile; fileRef = AE25EE711E09594400FEEC32 /* LaunchScreen.storyboard */; };
		AE25EE921E0A53E400FEEC32 /* ApiRouter.swift in Sources */ = {isa = PBXBuildFile; fileRef = AE25EE911E0A53E400FEEC32 /* ApiRouter.swift */; };
		AE68BDEB205105E000D5E56B /* ExpressNode.swift in Sources */ = {isa = PBXBuildFile; fileRef = AE68BDEA205105E000D5E56B /* ExpressNode.swift */; };
		AE68BDED20510E2B00D5E56B /* ExpressCell.swift in Sources */ = {isa = PBXBuildFile; fileRef = AE68BDEC20510E2B00D5E56B /* ExpressCell.swift */; };
		AE6A0CE3204FBB25002EEA2B /* Logger.swift in Sources */ = {isa = PBXBuildFile; fileRef = AE6A0CE2204FBB25002EEA2B /* Logger.swift */; };
		AE6A0CF8204FC09B002EEA2B /* Decodable.swift in Sources */ = {isa = PBXBuildFile; fileRef = AE6A0CF0204FC09B002EEA2B /* Decodable.swift */; };
		AE6A0CF9204FC09B002EEA2B /* ErrorHandler.swift in Sources */ = {isa = PBXBuildFile; fileRef = AE6A0CF1204FC09B002EEA2B /* ErrorHandler.swift */; };
		AE6A0CFB204FC09B002EEA2B /* ClientType.swift in Sources */ = {isa = PBXBuildFile; fileRef = AE6A0CF4204FC09B002EEA2B /* ClientType.swift */; };
		AE6A0CFC204FC09B002EEA2B /* Client.swift in Sources */ = {isa = PBXBuildFile; fileRef = AE6A0CF5204FC09B002EEA2B /* Client.swift */; };
		AE6A0CFD204FC09B002EEA2B /* HttpManager.swift in Sources */ = {isa = PBXBuildFile; fileRef = AE6A0CF6204FC09B002EEA2B /* HttpManager.swift */; };
		AE6A0CFF2050E6FD002EEA2B /* ApiStatus.swift in Sources */ = {isa = PBXBuildFile; fileRef = AE6A0CFE2050E6FD002EEA2B /* ApiStatus.swift */; };
		AE92C946204FA9F0009EFD98 /* ApiDemoRequest.swift in Sources */ = {isa = PBXBuildFile; fileRef = AE92C945204FA9F0009EFD98 /* ApiDemoRequest.swift */; };
		AE92C948204FAA59009EFD98 /* Express.swift in Sources */ = {isa = PBXBuildFile; fileRef = AE92C947204FAA59009EFD98 /* Express.swift */; };
		AEED1C221E6D484A00DAC807 /* MultiUploadRequestType.swift in Sources */ = {isa = PBXBuildFile; fileRef = AEED1C181E6D484A00DAC807 /* MultiUploadRequestType.swift */; };
		AEED1C231E6D484A00DAC807 /* ParametersEncoding.swift in Sources */ = {isa = PBXBuildFile; fileRef = AEED1C191E6D484A00DAC807 /* ParametersEncoding.swift */; };
		AEED1C241E6D484A00DAC807 /* RequestType.swift in Sources */ = {isa = PBXBuildFile; fileRef = AEED1C1A1E6D484A00DAC807 /* RequestType.swift */; };
		AEED1C261E6D4ABD00DAC807 /* RequestBehavior.swift in Sources */ = {isa = PBXBuildFile; fileRef = AEED1C251E6D4ABD00DAC807 /* RequestBehavior.swift */; };
/* End PBXBuildFile section */

/* Begin PBXFileReference section */
		0E68C61AA3344ABBC324BBFA /* Pods_LJNetwork.framework */ = {isa = PBXFileReference; explicitFileType = wrapper.framework; includeInIndex = 0; path = Pods_LJNetwork.framework; sourceTree = BUILT_PRODUCTS_DIR; };
		227BEB0FC4D9B52628B52DA1 /* Pods-LJNetwork.release.xcconfig */ = {isa = PBXFileReference; includeInIndex = 1; lastKnownFileType = text.xcconfig; name = "Pods-LJNetwork.release.xcconfig"; path = "Pods/Target Support Files/Pods-LJNetwork/Pods-LJNetwork.release.xcconfig"; sourceTree = "<group>"; };
		AE25EE651E09594400FEEC32 /* LJNetwork.app */ = {isa = PBXFileReference; explicitFileType = wrapper.application; includeInIndex = 0; path = LJNetwork.app; sourceTree = BUILT_PRODUCTS_DIR; };
		AE25EE681E09594400FEEC32 /* AppDelegate.swift */ = {isa = PBXFileReference; lastKnownFileType = sourcecode.swift; path = AppDelegate.swift; sourceTree = "<group>"; };
		AE25EE6A1E09594400FEEC32 /* ViewController.swift */ = {isa = PBXFileReference; lastKnownFileType = sourcecode.swift; path = ViewController.swift; sourceTree = "<group>"; };
		AE25EE6D1E09594400FEEC32 /* Base */ = {isa = PBXFileReference; lastKnownFileType = file.storyboard; name = Base; path = Base.lproj/Main.storyboard; sourceTree = "<group>"; };
		AE25EE6F1E09594400FEEC32 /* Assets.xcassets */ = {isa = PBXFileReference; lastKnownFileType = folder.assetcatalog; path = Assets.xcassets; sourceTree = "<group>"; };
		AE25EE721E09594400FEEC32 /* Base */ = {isa = PBXFileReference; lastKnownFileType = file.storyboard; name = Base; path = Base.lproj/LaunchScreen.storyboard; sourceTree = "<group>"; };
		AE25EE741E09594400FEEC32 /* Info.plist */ = {isa = PBXFileReference; lastKnownFileType = text.plist.xml; path = Info.plist; sourceTree = "<group>"; };
		AE25EE911E0A53E400FEEC32 /* ApiRouter.swift */ = {isa = PBXFileReference; fileEncoding = 4; lastKnownFileType = sourcecode.swift; path = ApiRouter.swift; sourceTree = "<group>"; };
		AE68BDEA205105E000D5E56B /* ExpressNode.swift */ = {isa = PBXFileReference; lastKnownFileType = sourcecode.swift; path = ExpressNode.swift; sourceTree = "<group>"; };
		AE68BDEC20510E2B00D5E56B /* ExpressCell.swift */ = {isa = PBXFileReference; lastKnownFileType = sourcecode.swift; path = ExpressCell.swift; sourceTree = "<group>"; };
		AE6A0CE2204FBB25002EEA2B /* Logger.swift */ = {isa = PBXFileReference; lastKnownFileType = sourcecode.swift; path = Logger.swift; sourceTree = "<group>"; };
		AE6A0CF0204FC09B002EEA2B /* Decodable.swift */ = {isa = PBXFileReference; fileEncoding = 4; lastKnownFileType = sourcecode.swift; path = Decodable.swift; sourceTree = "<group>"; };
		AE6A0CF1204FC09B002EEA2B /* ErrorHandler.swift */ = {isa = PBXFileReference; fileEncoding = 4; lastKnownFileType = sourcecode.swift; path = ErrorHandler.swift; sourceTree = "<group>"; };
		AE6A0CF4204FC09B002EEA2B /* ClientType.swift */ = {isa = PBXFileReference; fileEncoding = 4; lastKnownFileType = sourcecode.swift; path = ClientType.swift; sourceTree = "<group>"; };
		AE6A0CF5204FC09B002EEA2B /* Client.swift */ = {isa = PBXFileReference; fileEncoding = 4; lastKnownFileType = sourcecode.swift; path = Client.swift; sourceTree = "<group>"; };
		AE6A0CF6204FC09B002EEA2B /* HttpManager.swift */ = {isa = PBXFileReference; fileEncoding = 4; lastKnownFileType = sourcecode.swift; path = HttpManager.swift; sourceTree = "<group>"; };
		AE6A0CFE2050E6FD002EEA2B /* ApiStatus.swift */ = {isa = PBXFileReference; lastKnownFileType = sourcecode.swift; path = ApiStatus.swift; sourceTree = "<group>"; };
		AE92C945204FA9F0009EFD98 /* ApiDemoRequest.swift */ = {isa = PBXFileReference; lastKnownFileType = sourcecode.swift; path = ApiDemoRequest.swift; sourceTree = "<group>"; };
		AE92C947204FAA59009EFD98 /* Express.swift */ = {isa = PBXFileReference; lastKnownFileType = sourcecode.swift; path = Express.swift; sourceTree = "<group>"; };
		AEED1C181E6D484A00DAC807 /* MultiUploadRequestType.swift */ = {isa = PBXFileReference; fileEncoding = 4; lastKnownFileType = sourcecode.swift; path = MultiUploadRequestType.swift; sourceTree = "<group>"; };
		AEED1C191E6D484A00DAC807 /* ParametersEncoding.swift */ = {isa = PBXFileReference; fileEncoding = 4; lastKnownFileType = sourcecode.swift; path = ParametersEncoding.swift; sourceTree = "<group>"; };
		AEED1C1A1E6D484A00DAC807 /* RequestType.swift */ = {isa = PBXFileReference; fileEncoding = 4; lastKnownFileType = sourcecode.swift; path = RequestType.swift; sourceTree = "<group>"; };
		AEED1C251E6D4ABD00DAC807 /* RequestBehavior.swift */ = {isa = PBXFileReference; fileEncoding = 4; lastKnownFileType = sourcecode.swift; path = RequestBehavior.swift; sourceTree = "<group>"; };
		BD32FC440DE8A1A01ACB1DFA /* Pods-LJNetwork.debug.xcconfig */ = {isa = PBXFileReference; includeInIndex = 1; lastKnownFileType = text.xcconfig; name = "Pods-LJNetwork.debug.xcconfig"; path = "Pods/Target Support Files/Pods-LJNetwork/Pods-LJNetwork.debug.xcconfig"; sourceTree = "<group>"; };
/* End PBXFileReference section */

/* Begin PBXFrameworksBuildPhase section */
		AE25EE621E09594400FEEC32 /* Frameworks */ = {
			isa = PBXFrameworksBuildPhase;
			buildActionMask = 2147483647;
			files = (
				71691958F8CDD4D4A8F9E61E /* Pods_LJNetwork.framework in Frameworks */,
			);
			runOnlyForDeploymentPostprocessing = 0;
		};
/* End PBXFrameworksBuildPhase section */

/* Begin PBXGroup section */
		8C21FDC4E31F1AB6CBE32FD5 /* Frameworks */ = {
			isa = PBXGroup;
			children = (
				0E68C61AA3344ABBC324BBFA /* Pods_LJNetwork.framework */,
			);
			name = Frameworks;
			sourceTree = "<group>";
		};
		8E5F8A26ABBEA469BEECCB4A /* Pods */ = {
			isa = PBXGroup;
			children = (
				BD32FC440DE8A1A01ACB1DFA /* Pods-LJNetwork.debug.xcconfig */,
				227BEB0FC4D9B52628B52DA1 /* Pods-LJNetwork.release.xcconfig */,
			);
			name = Pods;
			sourceTree = "<group>";
		};
		AE25EE5C1E09594400FEEC32 = {
			isa = PBXGroup;
			children = (
				AE25EE671E09594400FEEC32 /* LJNetwork */,
				AE25EE661E09594400FEEC32 /* Products */,
				8E5F8A26ABBEA469BEECCB4A /* Pods */,
				8C21FDC4E31F1AB6CBE32FD5 /* Frameworks */,
			);
			sourceTree = "<group>";
		};
		AE25EE661E09594400FEEC32 /* Products */ = {
			isa = PBXGroup;
			children = (
				AE25EE651E09594400FEEC32 /* LJNetwork.app */,
			);
			name = Products;
			sourceTree = "<group>";
		};
		AE25EE671E09594400FEEC32 /* LJNetwork */ = {
			isa = PBXGroup;
			children = (
				AE25EE681E09594400FEEC32 /* AppDelegate.swift */,
				AEED1C0F1E6D484A00DAC807 /* LJNetwork */,
				AE25EE821E09671100FEEC32 /* Demo */,
				AE25EE6A1E09594400FEEC32 /* ViewController.swift */,
				AE92C945204FA9F0009EFD98 /* ApiDemoRequest.swift */,
				AE6A0CFE2050E6FD002EEA2B /* ApiStatus.swift */,
				AE92C947204FAA59009EFD98 /* Express.swift */,
				AE68BDEA205105E000D5E56B /* ExpressNode.swift */,
				AE68BDEC20510E2B00D5E56B /* ExpressCell.swift */,
				AE25EE6C1E09594400FEEC32 /* Main.storyboard */,
				AE25EE6F1E09594400FEEC32 /* Assets.xcassets */,
				AE25EE711E09594400FEEC32 /* LaunchScreen.storyboard */,
				AE25EE741E09594400FEEC32 /* Info.plist */,
			);
			path = LJNetwork;
			sourceTree = "<group>";
		};
		AE25EE821E09671100FEEC32 /* Demo */ = {
			isa = PBXGroup;
			children = (
				AE25EE911E0A53E400FEEC32 /* ApiRouter.swift */,
			);
			name = Demo;
			sourceTree = "<group>";
		};
		AE6A0CE7204FBF96002EEA2B /* Request */ = {
			isa = PBXGroup;
			children = (
				AEED1C181E6D484A00DAC807 /* MultiUploadRequestType.swift */,
				AEED1C1A1E6D484A00DAC807 /* RequestType.swift */,
				AEED1C251E6D4ABD00DAC807 /* RequestBehavior.swift */,
				AEED1C191E6D484A00DAC807 /* ParametersEncoding.swift */,
			);
			path = Request;
			sourceTree = "<group>";
		};
		AE6A0CE9204FBFFD002EEA2B /* Utils */ = {
			isa = PBXGroup;
			children = (
				AE6A0CE2204FBB25002EEA2B /* Logger.swift */,
			);
			path = Utils;
			sourceTree = "<group>";
		};
		AE6A0CEE204FC09B002EEA2B /* Decoder */ = {
			isa = PBXGroup;
			children = (
				AE6A0CF0204FC09B002EEA2B /* Decodable.swift */,
				AE6A0CF1204FC09B002EEA2B /* ErrorHandler.swift */,
			);
			path = Decoder;
			sourceTree = "<group>";
		};
		AE6A0CF3204FC09B002EEA2B /* Manager */ = {
			isa = PBXGroup;
			children = (
				AE6A0CF4204FC09B002EEA2B /* ClientType.swift */,
				AE6A0CF5204FC09B002EEA2B /* Client.swift */,
				AE6A0CF6204FC09B002EEA2B /* HttpManager.swift */,
			);
			path = Manager;
			sourceTree = "<group>";
		};
		AEED1C0F1E6D484A00DAC807 /* LJNetwork */ = {
			isa = PBXGroup;
			children = (
				AE6A0CEE204FC09B002EEA2B /* Decoder */,
				AE6A0CF3204FC09B002EEA2B /* Manager */,
				AE6A0CE9204FBFFD002EEA2B /* Utils */,
				AE6A0CE7204FBF96002EEA2B /* Request */,
			);
			path = LJNetwork;
			sourceTree = "<group>";
		};
/* End PBXGroup section */

/* Begin PBXNativeTarget section */
		AE25EE641E09594400FEEC32 /* LJNetwork */ = {
			isa = PBXNativeTarget;
			buildConfigurationList = AE25EE771E09594400FEEC32 /* Build configuration list for PBXNativeTarget "LJNetwork" */;
			buildPhases = (
				23457FB925B01FC95EF95EAD /* [CP] Check Pods Manifest.lock */,
				AE25EE611E09594400FEEC32 /* Sources */,
				AE25EE621E09594400FEEC32 /* Frameworks */,
				AE25EE631E09594400FEEC32 /* Resources */,
				60AC43F7A5B2661B4D24351F /* [CP] Embed Pods Frameworks */,
				DB29B0F1FAC2981C60549EAB /* [CP] Copy Pods Resources */,
			);
			buildRules = (
			);
			dependencies = (
			);
			name = LJNetwork;
			productName = LJNetwork;
			productReference = AE25EE651E09594400FEEC32 /* LJNetwork.app */;
			productType = "com.apple.product-type.application";
		};
/* End PBXNativeTarget section */

/* Begin PBXProject section */
		AE25EE5D1E09594400FEEC32 /* Project object */ = {
			isa = PBXProject;
			attributes = {
				LastSwiftUpdateCheck = 0800;
				LastUpgradeCheck = 0930;
				ORGANIZATIONNAME = manajay;
				TargetAttributes = {
					AE25EE641E09594400FEEC32 = {
						CreatedOnToolsVersion = 8.0;
						DevelopmentTeam = 6A24J63JJH;
						ProvisioningStyle = Automatic;
					};
				};
			};
			buildConfigurationList = AE25EE601E09594400FEEC32 /* Build configuration list for PBXProject "LJNetwork" */;
			compatibilityVersion = "Xcode 3.2";
			developmentRegion = English;
			hasScannedForEncodings = 0;
			knownRegions = (
				en,
				Base,
			);
			mainGroup = AE25EE5C1E09594400FEEC32;
			productRefGroup = AE25EE661E09594400FEEC32 /* Products */;
			projectDirPath = "";
			projectRoot = "";
			targets = (
				AE25EE641E09594400FEEC32 /* LJNetwork */,
			);
		};
/* End PBXProject section */

/* Begin PBXResourcesBuildPhase section */
		AE25EE631E09594400FEEC32 /* Resources */ = {
			isa = PBXResourcesBuildPhase;
			buildActionMask = 2147483647;
			files = (
				AE25EE731E09594400FEEC32 /* LaunchScreen.storyboard in Resources */,
				AE25EE701E09594400FEEC32 /* Assets.xcassets in Resources */,
				AE25EE6E1E09594400FEEC32 /* Main.storyboard in Resources */,
			);
			runOnlyForDeploymentPostprocessing = 0;
		};
/* End PBXResourcesBuildPhase section */

/* Begin PBXShellScriptBuildPhase section */
		23457FB925B01FC95EF95EAD /* [CP] Check Pods Manifest.lock */ = {
			isa = PBXShellScriptBuildPhase;
			buildActionMask = 2147483647;
			files = (
			);
			inputPaths = (
				"${PODS_PODFILE_DIR_PATH}/Podfile.lock",
				"${PODS_ROOT}/Manifest.lock",
			);
			name = "[CP] Check Pods Manifest.lock";
			outputPaths = (
				"$(DERIVED_FILE_DIR)/Pods-LJNetwork-checkManifestLockResult.txt",
			);
			runOnlyForDeploymentPostprocessing = 0;
			shellPath = /bin/sh;
			shellScript = "diff \"${PODS_PODFILE_DIR_PATH}/Podfile.lock\" \"${PODS_ROOT}/Manifest.lock\" > /dev/null\nif [ $? != 0 ] ; then\n    # print error to STDERR\n    echo \"error: The sandbox is not in sync with the Podfile.lock. Run 'pod install' or update your CocoaPods installation.\" >&2\n    exit 1\nfi\n# This output is used by Xcode 'outputs' to avoid re-running this script phase.\necho \"SUCCESS\" > \"${SCRIPT_OUTPUT_FILE_0}\"\n";
			showEnvVarsInLog = 0;
		};
		60AC43F7A5B2661B4D24351F /* [CP] Embed Pods Frameworks */ = {
			isa = PBXShellScriptBuildPhase;
			buildActionMask = 2147483647;
			files = (
			);
			inputPaths = (
				"${SRCROOT}/Pods/Target Support Files/Pods-LJNetwork/Pods-LJNetwork-frameworks.sh",
				"${BUILT_PRODUCTS_DIR}/Alamofire/Alamofire.framework",
				"${BUILT_PRODUCTS_DIR}/ReachabilitySwift/Reachability.framework",
				"${BUILT_PRODUCTS_DIR}/SVProgressHUD/SVProgressHUD.framework",
				"${BUILT_PRODUCTS_DIR}/SwiftyJSON/SwiftyJSON.framework",
			);
			name = "[CP] Embed Pods Frameworks";
			outputPaths = (
				"${TARGET_BUILD_DIR}/${FRAMEWORKS_FOLDER_PATH}/Alamofire.framework",
				"${TARGET_BUILD_DIR}/${FRAMEWORKS_FOLDER_PATH}/Reachability.framework",
				"${TARGET_BUILD_DIR}/${FRAMEWORKS_FOLDER_PATH}/SVProgressHUD.framework",
				"${TARGET_BUILD_DIR}/${FRAMEWORKS_FOLDER_PATH}/SwiftyJSON.framework",
			);
			runOnlyForDeploymentPostprocessing = 0;
			shellPath = /bin/sh;
			shellScript = "\"${SRCROOT}/Pods/Target Support Files/Pods-LJNetwork/Pods-LJNetwork-frameworks.sh\"\n";
			showEnvVarsInLog = 0;
		};
		DB29B0F1FAC2981C60549EAB /* [CP] Copy Pods Resources */ = {
			isa = PBXShellScriptBuildPhase;
			buildActionMask = 2147483647;
			files = (
			);
			inputPaths = (
			);
			name = "[CP] Copy Pods Resources";
			outputPaths = (
			);
			runOnlyForDeploymentPostprocessing = 0;
			shellPath = /bin/sh;
			shellScript = "\"${SRCROOT}/Pods/Target Support Files/Pods-LJNetwork/Pods-LJNetwork-resources.sh\"\n";
			showEnvVarsInLog = 0;
		};
/* End PBXShellScriptBuildPhase section */

/* Begin PBXSourcesBuildPhase section */
		AE25EE611E09594400FEEC32 /* Sources */ = {
			isa = PBXSourcesBuildPhase;
			buildActionMask = 2147483647;
			files = (
				AE68BDED20510E2B00D5E56B /* ExpressCell.swift in Sources */,
				AE25EE6B1E09594400FEEC32 /* ViewController.swift in Sources */,
				AE6A0CFD204FC09B002EEA2B /* HttpManager.swift in Sources */,
				AEED1C261E6D4ABD00DAC807 /* RequestBehavior.swift in Sources */,
				AE92C946204FA9F0009EFD98 /* ApiDemoRequest.swift in Sources */,
				AE6A0CFB204FC09B002EEA2B /* ClientType.swift in Sources */,
				AE25EE921E0A53E400FEEC32 /* ApiRouter.swift in Sources */,
				AE6A0CFC204FC09B002EEA2B /* Client.swift in Sources */,
				AE92C948204FAA59009EFD98 /* Express.swift in Sources */,
				AE6A0CF9204FC09B002EEA2B /* ErrorHandler.swift in Sources */,
				AE68BDEB205105E000D5E56B /* ExpressNode.swift in Sources */,
				AE6A0CE3204FBB25002EEA2B /* Logger.swift in Sources */,
				AEED1C221E6D484A00DAC807 /* MultiUploadRequestType.swift in Sources */,
				AEED1C241E6D484A00DAC807 /* RequestType.swift in Sources */,
				AE6A0CFF2050E6FD002EEA2B /* ApiStatus.swift in Sources */,
				AE6A0CF8204FC09B002EEA2B /* Decodable.swift in Sources */,
				AEED1C231E6D484A00DAC807 /* ParametersEncoding.swift in Sources */,
				AE25EE691E09594400FEEC32 /* AppDelegate.swift in Sources */,
			);
			runOnlyForDeploymentPostprocessing = 0;
		};
/* End PBXSourcesBuildPhase section */

/* Begin PBXVariantGroup section */
		AE25EE6C1E09594400FEEC32 /* Main.storyboard */ = {
			isa = PBXVariantGroup;
			children = (
				AE25EE6D1E09594400FEEC32 /* Base */,
			);
			name = Main.storyboard;
			sourceTree = "<group>";
		};
		AE25EE711E09594400FEEC32 /* LaunchScreen.storyboard */ = {
			isa = PBXVariantGroup;
			children = (
				AE25EE721E09594400FEEC32 /* Base */,
			);
			name = LaunchScreen.storyboard;
			sourceTree = "<group>";
		};
/* End PBXVariantGroup section */

/* Begin XCBuildConfiguration section */
		AE25EE751E09594400FEEC32 /* Debug */ = {
			isa = XCBuildConfiguration;
			buildSettings = {
				ALWAYS_EMBED_SWIFT_STANDARD_LIBRARIES = NO;
				ALWAYS_SEARCH_USER_PATHS = NO;
				CLANG_ANALYZER_NONNULL = YES;
				CLANG_CXX_LANGUAGE_STANDARD = "gnu++0x";
				CLANG_CXX_LIBRARY = "libc++";
				CLANG_ENABLE_MODULES = YES;
				CLANG_ENABLE_OBJC_ARC = YES;
				CLANG_WARN_BLOCK_CAPTURE_AUTORELEASING = YES;
				CLANG_WARN_BOOL_CONVERSION = YES;
				CLANG_WARN_COMMA = YES;
				CLANG_WARN_CONSTANT_CONVERSION = YES;
				CLANG_WARN_DEPRECATED_OBJC_IMPLEMENTATIONS = YES;
				CLANG_WARN_DIRECT_OBJC_ISA_USAGE = YES_ERROR;
				CLANG_WARN_DOCUMENTATION_COMMENTS = YES;
				CLANG_WARN_EMPTY_BODY = YES;
				CLANG_WARN_ENUM_CONVERSION = YES;
				CLANG_WARN_INFINITE_RECURSION = YES;
				CLANG_WARN_INT_CONVERSION = YES;
				CLANG_WARN_NON_LITERAL_NULL_CONVERSION = YES;
				CLANG_WARN_OBJC_IMPLICIT_RETAIN_SELF = YES;
				CLANG_WARN_OBJC_LITERAL_CONVERSION = YES;
				CLANG_WARN_OBJC_ROOT_CLASS = YES_ERROR;
				CLANG_WARN_RANGE_LOOP_ANALYSIS = YES;
				CLANG_WARN_STRICT_PROTOTYPES = YES;
				CLANG_WARN_SUSPICIOUS_MOVE = YES;
				CLANG_WARN_SUSPICIOUS_MOVES = YES;
				CLANG_WARN_UNREACHABLE_CODE = YES;
				CLANG_WARN__DUPLICATE_METHOD_MATCH = YES;
				"CODE_SIGN_IDENTITY[sdk=iphoneos*]" = "iPhone Developer";
				COPY_PHASE_STRIP = NO;
				DEBUG_INFORMATION_FORMAT = dwarf;
				ENABLE_STRICT_OBJC_MSGSEND = YES;
				ENABLE_TESTABILITY = YES;
				GCC_C_LANGUAGE_STANDARD = gnu99;
				GCC_DYNAMIC_NO_PIC = NO;
				GCC_NO_COMMON_BLOCKS = YES;
				GCC_OPTIMIZATION_LEVEL = 0;
				GCC_PREPROCESSOR_DEFINITIONS = (
					"DEBUG=1",
					"$(inherited)",
				);
				GCC_WARN_64_TO_32_BIT_CONVERSION = YES;
				GCC_WARN_ABOUT_RETURN_TYPE = YES_ERROR;
				GCC_WARN_UNDECLARED_SELECTOR = YES;
				GCC_WARN_UNINITIALIZED_AUTOS = YES_AGGRESSIVE;
				GCC_WARN_UNUSED_FUNCTION = YES;
				GCC_WARN_UNUSED_VARIABLE = YES;
				IPHONEOS_DEPLOYMENT_TARGET = 10.0;
				MTL_ENABLE_DEBUG_INFO = YES;
				ONLY_ACTIVE_ARCH = YES;
				SDKROOT = iphoneos;
				SWIFT_ACTIVE_COMPILATION_CONDITIONS = DEBUG;
				SWIFT_OPTIMIZATION_LEVEL = "-Onone";
			};
			name = Debug;
		};
		AE25EE761E09594400FEEC32 /* Release */ = {
			isa = XCBuildConfiguration;
			buildSettings = {
				ALWAYS_EMBED_SWIFT_STANDARD_LIBRARIES = NO;
				ALWAYS_SEARCH_USER_PATHS = NO;
				CLANG_ANALYZER_NONNULL = YES;
				CLANG_CXX_LANGUAGE_STANDARD = "gnu++0x";
				CLANG_CXX_LIBRARY = "libc++";
				CLANG_ENABLE_MODULES = YES;
				CLANG_ENABLE_OBJC_ARC = YES;
				CLANG_WARN_BLOCK_CAPTURE_AUTORELEASING = YES;
				CLANG_WARN_BOOL_CONVERSION = YES;
				CLANG_WARN_COMMA = YES;
				CLANG_WARN_CONSTANT_CONVERSION = YES;
				CLANG_WARN_DEPRECATED_OBJC_IMPLEMENTATIONS = YES;
				CLANG_WARN_DIRECT_OBJC_ISA_USAGE = YES_ERROR;
				CLANG_WARN_DOCUMENTATION_COMMENTS = YES;
				CLANG_WARN_EMPTY_BODY = YES;
				CLANG_WARN_ENUM_CONVERSION = YES;
				CLANG_WARN_INFINITE_RECURSION = YES;
				CLANG_WARN_INT_CONVERSION = YES;
				CLANG_WARN_NON_LITERAL_NULL_CONVERSION = YES;
				CLANG_WARN_OBJC_IMPLICIT_RETAIN_SELF = YES;
				CLANG_WARN_OBJC_LITERAL_CONVERSION = YES;
				CLANG_WARN_OBJC_ROOT_CLASS = YES_ERROR;
				CLANG_WARN_RANGE_LOOP_ANALYSIS = YES;
				CLANG_WARN_STRICT_PROTOTYPES = YES;
				CLANG_WARN_SUSPICIOUS_MOVE = YES;
				CLANG_WARN_SUSPICIOUS_MOVES = YES;
				CLANG_WARN_UNREACHABLE_CODE = YES;
				CLANG_WARN__DUPLICATE_METHOD_MATCH = YES;
				"CODE_SIGN_IDENTITY[sdk=iphoneos*]" = "iPhone Developer";
				COPY_PHASE_STRIP = NO;
				DEBUG_INFORMATION_FORMAT = "dwarf-with-dsym";
				ENABLE_NS_ASSERTIONS = NO;
				ENABLE_STRICT_OBJC_MSGSEND = YES;
				GCC_C_LANGUAGE_STANDARD = gnu99;
				GCC_NO_COMMON_BLOCKS = YES;
				GCC_WARN_64_TO_32_BIT_CONVERSION = YES;
				GCC_WARN_ABOUT_RETURN_TYPE = YES_ERROR;
				GCC_WARN_UNDECLARED_SELECTOR = YES;
				GCC_WARN_UNINITIALIZED_AUTOS = YES_AGGRESSIVE;
				GCC_WARN_UNUSED_FUNCTION = YES;
				GCC_WARN_UNUSED_VARIABLE = YES;
				IPHONEOS_DEPLOYMENT_TARGET = 10.0;
				MTL_ENABLE_DEBUG_INFO = NO;
				SDKROOT = iphoneos;
				SWIFT_OPTIMIZATION_LEVEL = "-Owholemodule";
				VALIDATE_PRODUCT = YES;
			};
			name = Release;
		};
		AE25EE781E09594400FEEC32 /* Debug */ = {
			isa = XCBuildConfiguration;
			baseConfigurationReference = BD32FC440DE8A1A01ACB1DFA /* Pods-LJNetwork.debug.xcconfig */;
			buildSettings = {
				ALWAYS_EMBED_SWIFT_STANDARD_LIBRARIES = "$(inherited)";
				ASSETCATALOG_COMPILER_APPICON_NAME = AppIcon;
				DEVELOPMENT_TEAM = 6A24J63JJH;
				INFOPLIST_FILE = LJNetwork/Info.plist;
				IPHONEOS_DEPLOYMENT_TARGET = 8.0;
				LD_RUNPATH_SEARCH_PATHS = "$(inherited) @executable_path/Frameworks";
				PRODUCT_BUNDLE_IDENTIFIER = com.manajay.LJNetwork;
				PRODUCT_NAME = "$(TARGET_NAME)";
				SWIFT_VERSION = 3.0;
			};
			name = Debug;
		};
		AE25EE791E09594400FEEC32 /* Release */ = {
			isa = XCBuildConfiguration;
			baseConfigurationReference = 227BEB0FC4D9B52628B52DA1 /* Pods-LJNetwork.release.xcconfig */;
			buildSettings = {
				ALWAYS_EMBED_SWIFT_STANDARD_LIBRARIES = "$(inherited)";
				ASSETCATALOG_COMPILER_APPICON_NAME = AppIcon;
				DEVELOPMENT_TEAM = 6A24J63JJH;
				INFOPLIST_FILE = LJNetwork/Info.plist;
				IPHONEOS_DEPLOYMENT_TARGET = 8.0;
				LD_RUNPATH_SEARCH_PATHS = "$(inherited) @executable_path/Frameworks";
				PRODUCT_BUNDLE_IDENTIFIER = com.manajay.LJNetwork;
				PRODUCT_NAME = "$(TARGET_NAME)";
				SWIFT_VERSION = 3.0;
			};
			name = Release;
		};
/* End XCBuildConfiguration section */

/* Begin XCConfigurationList section */
		AE25EE601E09594400FEEC32 /* Build configuration list for PBXProject "LJNetwork" */ = {
			isa = XCConfigurationList;
			buildConfigurations = (
				AE25EE751E09594400FEEC32 /* Debug */,
				AE25EE761E09594400FEEC32 /* Release */,
			);
			defaultConfigurationIsVisible = 0;
			defaultConfigurationName = Release;
		};
		AE25EE771E09594400FEEC32 /* Build configuration list for PBXNativeTarget "LJNetwork" */ = {
			isa = XCConfigurationList;
			buildConfigurations = (
				AE25EE781E09594400FEEC32 /* Debug */,
				AE25EE791E09594400FEEC32 /* Release */,
			);
			defaultConfigurationIsVisible = 0;
			defaultConfigurationName = Release;
		};
/* End XCConfigurationList section */
	};
	rootObject = AE25EE5D1E09594400FEEC32 /* Project object */;
}
